
Microsoft Visual Studio Solution File, Format Version 12.00
# Visual Studio Version 17
VisualStudioVersion = 17.5.002.0
MinimumVisualStudioVersion = 10.0.40219.1
Project("{9A19103F-16F7-4668-BE54-9A1E7A4F7556}") = "calaNetConsole", "calaNetConsole.csproj", "{C277B33A-7B2E-4049-A67D-6E08EC769F22}"
EndProject
Global
	GlobalSection(SolutionConfigurationPlatforms) = preSolution
		Debug|Any CPU = Debug|Any CPU
		Release|Any CPU = Release|Any CPU
	EndGlobalSection
	GlobalSection(ProjectConfigurationPlatforms) = postSolution
		{C277B33A-7B2E-4049-A67D-6E08EC769F22}.Debug|Any CPU.ActiveCfg = Debug|Any CPU
		{C277B33A-7B2E-4049-A67D-6E08EC769F22}.Debug|Any CPU.Build.0 = Debug|Any CPU
		{C277B33A-7B2E-4049-A67D-6E08EC769F22}.Release|Any CPU.ActiveCfg = Release|Any CPU
		{C277B33A-7B2E-4049-A67D-6E08EC769F22}.Release|Any CPU.Build.0 = Release|Any CPU
	EndGlobalSection
	GlobalSection(SolutionProperties) = preSolution
		HideSolutionNode = FALSE
	EndGlobalSection
	GlobalSection(ExtensibilityGlobals) = postSolution
		SolutionGuid = {983C14DB-0E9E-4049-BEE2-7CD04EA111C7}
	EndGlobalSection
EndGlobal
